
Microsoft Visual Studio Solution File, Format Version 12.00
# Visual Studio Version 17
VisualStudioVersion = 17.13.35825.156 d17.13
MinimumVisualStudioVersion = 10.0.40219.1
Project("{FAE04EC0-301F-11D3-BF4B-00C04F79EFBC}") = "AutoCamp", "AutoCamp\AutoCamp.csproj", "{9D498F35-DD2E-4111-B1B9-7645D4D3C34F}"
EndProject
Global
	GlobalSection(SolutionConfigurationPlatforms) = preSolution
		Debug|Any CPU = Debug|Any CPU
		Release|Any CPU = Release|Any CPU
	EndGlobalSection
	GlobalSection(ProjectConfigurationPlatforms) = postSolution
		{9D498F35-DD2E-4111-B1B9-7645D4D3C34F}.Debug|Any CPU.ActiveCfg = Debug|Any CPU
		{9D498F35-DD2E-4111-B1B9-7645D4D3C34F}.Debug|Any CPU.Build.0 = Debug|Any CPU
		{9D498F35-DD2E-4111-B1B9-7645D4D3C34F}.Release|Any CPU.ActiveCfg = Release|Any CPU
		{9D498F35-DD2E-4111-B1B9-7645D4D3C34F}.Release|Any CPU.Build.0 = Release|Any CPU
	EndGlobalSection
	GlobalSection(SolutionProperties) = preSolution
		HideSolutionNode = FALSE
	EndGlobalSection
	GlobalSection(ExtensibilityGlobals) = postSolution
		SolutionGuid = {A1A3EF14-F74A-41D6-8C63-8E435322F88F}
	EndGlobalSection
EndGlobal
